
Microsoft Visual Studio Solution File, Format Version 12.00
# Visual Studio Version 17
VisualStudioVersion = 17.8.34330.188
MinimumVisualStudioVersion = 10.0.40219.1
Project("{FAE04EC0-301F-11D3-BF4B-00C04F79EFBC}") = "AACSharp_Assignment_Arrays_Loops", "AACSharp_Assignment_Arrays_Loops\AACSharp_Assignment_Arrays_Loops.csproj", "{57169A03-78BA-45AF-92AF-13FC3041A654}"
EndProject
Global
	GlobalSection(SolutionConfigurationPlatforms) = preSolution
		Debug|Any CPU = Debug|Any CPU
		Release|Any CPU = Release|Any CPU
	EndGlobalSection
	GlobalSection(ProjectConfigurationPlatforms) = postSolution
		{57169A03-78BA-45AF-92AF-13FC3041A654}.Debug|Any CPU.ActiveCfg = Debug|Any CPU
		{57169A03-78BA-45AF-92AF-13FC3041A654}.Debug|Any CPU.Build.0 = Debug|Any CPU
		{57169A03-78BA-45AF-92AF-13FC3041A654}.Release|Any CPU.ActiveCfg = Release|Any CPU
		{57169A03-78BA-45AF-92AF-13FC3041A654}.Release|Any CPU.Build.0 = Release|Any CPU
	EndGlobalSection
	GlobalSection(SolutionProperties) = preSolution
		HideSolutionNode = FALSE
	EndGlobalSection
	GlobalSection(ExtensibilityGlobals) = postSolution
		SolutionGuid = {54048B08-FC36-4F6D-BC77-F09AB97273B0}
	EndGlobalSection
EndGlobal
